<?xml version="1.0" encoding="utf-8"?>
<Project ToolsVersion="4.0" xmlns="http://schemas.microsoft.com/developer/msbuild/2003">
  <ItemGroup>
    <Filter Include="Source Files">
      <UniqueIdentifier>{4FC737F1-C7A5-4376-A066-2A32D752A2FF}</UniqueIdentifier>
      <Extensions>cpp;c;cc;cxx;def;odl;idl;hpj;bat;asm;asmx</Extensions>
    </Filter>
    <Filter Include="Header Files">
      <UniqueIdentifier>{93995380-89BD-4b04-88EB-625FBE52EBFB}</UniqueIdentifier>
      <Extensions>h;hpp;hxx;hm;inl;inc;xsd</Extensions>
    </Filter>
    <Filter Include="Resource Files">
      <UniqueIdentifier>{67DA6AB6-F800-4c08-8B7A-83BB121AAD01}</UniqueIdentifier>
      <Extensions>rc;ico;cur;bmp;dlg;rc2;rct;bin;rgs;gif;jpg;jpeg;jpe;resx;tiff;tif;png;wav;mfcribbon-ms</Extensions>
    </Filter>
    <Filter Include="Source Files\utils">
      <UniqueIdentifier>{2f356f27-cee3-4441-9b9f-d407e1f45390}</UniqueIdentifier>
    </Filter>
    <Filter Include="Source Files\optimizer">
      <UniqueIdentifier>{0ff2a919-97fa-466b-abf8-4ae5fc131da3}</UniqueIdentifier>
    </Filter>
    <Filter Include="Source Files\optimizer\utils">
      <UniqueIdentifier>{66bfb7e5-6b8e-44f6-93b0-3275d8c62523}</UniqueIdentifier>
    </Filter>
  </ItemGroup>
  <ItemGroup>
    <ClCompile Include="tdbread.cpp">
      <Filter>Source Files</Filter>
    </ClCompile>
    <ClCompile Include="chemical_formula.cpp">
      <Filter>Source Files\utils</Filter>
    </ClCompile>
    <ClCompile Include="periodic_table.cpp">
      <Filter>Source Files\utils</Filter>
    </ClCompile>
    <ClCompile Include="math_expr.cpp">
      <Filter>Source Files\utils</Filter>
    </ClCompile>
    <ClCompile Include="opt_helpers.cpp">
      <Filter>Source Files\optimizer\utils</Filter>
    </ClCompile>
    <ClCompile Include="evaluate.cpp">
      <Filter>Source Files\optimizer</Filter>
    </ClCompile>
    <ClCompile Include="opt_Gibbs.cpp">
      <Filter>Source Files\optimizer</Filter>
    </ClCompile>
  </ItemGroup>
  <ItemGroup>
    <ClInclude Include="conditions.h">
      <Filter>Header Files</Filter>
    </ClInclude>
    <ClInclude Include="evaluate.h">
      <Filter>Header Files</Filter>
    </ClInclude>
  </ItemGroup>
</Project>